
Microsoft Visual Studio Solution File, Format Version 12.00
# Visual Studio Version 16
VisualStudioVersion = 16.0.31702.278
MinimumVisualStudioVersion = 10.0.40219.1
Project("{2150E333-8FDC-42A3-9474-1A3956D46DE8}") = "AspNet.Services", "AspNet.Services", "{B3592A6A-D373-4C6D-B923-B4FDE02AF213}"
EndProject
Project("{2150E333-8FDC-42A3-9474-1A3956D46DE8}") = "Catalog", "Catalog", "{A87381FC-369E-442E-A43B-8548035A56CE}"
EndProject
Project("{9A19103F-16F7-4668-BE54-9A1E7A4F7556}") = "Catalog.API", "AspNet.Services\Catalog\Catalog.API\Catalog.API.csproj", "{DB6E12B8-6139-4714-A281-22BABCB70BD6}"
EndProject
Project("{E53339B2-1760-4266-BCC7-CA923CBCF16C}") = "docker-compose", "docker-compose.dcproj", "{E3470A84-71B5-4DC4-A696-B9A8FD95FE54}"
EndProject
Project("{2150E333-8FDC-42A3-9474-1A3956D46DE8}") = "Basket", "Basket", "{AB5DC566-722E-443C-BD68-D0B17E411D56}"
EndProject
Project("{9A19103F-16F7-4668-BE54-9A1E7A4F7556}") = "Basket.API", "AspNet.Services\Basket\Basket.API\Basket.API.csproj", "{5B6720DE-00EA-427A-8C1F-030BA904D83C}"
EndProject
Project("{2150E333-8FDC-42A3-9474-1A3956D46DE8}") = "Discount", "Discount", "{9F1406DA-18BB-4256-AC7C-94E7287833C2}"
EndProject
Project("{9A19103F-16F7-4668-BE54-9A1E7A4F7556}") = "Discount.API", "AspNet.Services\Discount\Discount.API\Discount.API.csproj", "{2C63710A-6DFB-4413-BA77-990120419EDB}"
EndProject
Project("{9A19103F-16F7-4668-BE54-9A1E7A4F7556}") = "Discount.gRPC", "AspNet.Services\Discount\Discount.gRPC\Discount.gRPC.csproj", "{056CC48E-343E-4509-AA10-2B0B22ECB597}"
EndProject
Project("{2150E333-8FDC-42A3-9474-1A3956D46DE8}") = "Ordering", "Ordering", "{97F08D5B-5AC9-414C-91D6-A6A8C5849312}"
EndProject
Project("{9A19103F-16F7-4668-BE54-9A1E7A4F7556}") = "Ordering.API", "AspNet.Services\Ordering\Ordering.API\Ordering.API.csproj", "{0ABE67CD-8BF9-4F33-ACE0-FF32F95E8BB2}"
EndProject
Project("{9A19103F-16F7-4668-BE54-9A1E7A4F7556}") = "Ordering.Domain", "AspNet.Services\Ordering\Ordering.Domain\Ordering.Domain.csproj", "{622247CA-ED85-4FDA-AF9A-ACAC5884A91C}"
EndProject
Project("{9A19103F-16F7-4668-BE54-9A1E7A4F7556}") = "Ordering.Application", "AspNet.Services\Ordering\Ordering.Application\Ordering.Application.csproj", "{3DB4BAC7-EE01-496A-88C5-C2EDCBCF4AE5}"
EndProject
Project("{9A19103F-16F7-4668-BE54-9A1E7A4F7556}") = "Ordering.Infrastructure", "AspNet.Services\Ordering\Ordering.Infrastructure\Ordering.Infrastructure.csproj", "{F827E32E-6E00-47EC-8A4A-5BA65E968D33}"
EndProject
Project("{2150E333-8FDC-42A3-9474-1A3956D46DE8}") = "AspNet.BuildingBlocks", "AspNet.BuildingBlocks", "{03577FB2-2F9D-4021-AB00-72747172DE21}"
EndProject
Project("{FAE04EC0-301F-11D3-BF4B-00C04F79EFBC}") = "EventBus.Messages", "AspNet.BuildingBlocks\EventBus.Messages\EventBus.Messages.csproj", "{E5862662-F83A-4613-AC68-0D9BAEAC96A3}"
EndProject
Global
	GlobalSection(SolutionConfigurationPlatforms) = preSolution
		Debug|Any CPU = Debug|Any CPU
		Release|Any CPU = Release|Any CPU
	EndGlobalSection
	GlobalSection(ProjectConfigurationPlatforms) = postSolution
		{DB6E12B8-6139-4714-A281-22BABCB70BD6}.Debug|Any CPU.ActiveCfg = Debug|Any CPU
		{DB6E12B8-6139-4714-A281-22BABCB70BD6}.Debug|Any CPU.Build.0 = Debug|Any CPU
		{DB6E12B8-6139-4714-A281-22BABCB70BD6}.Release|Any CPU.ActiveCfg = Release|Any CPU
		{DB6E12B8-6139-4714-A281-22BABCB70BD6}.Release|Any CPU.Build.0 = Release|Any CPU
		{E3470A84-71B5-4DC4-A696-B9A8FD95FE54}.Debug|Any CPU.ActiveCfg = Debug|Any CPU
		{E3470A84-71B5-4DC4-A696-B9A8FD95FE54}.Debug|Any CPU.Build.0 = Debug|Any CPU
		{E3470A84-71B5-4DC4-A696-B9A8FD95FE54}.Release|Any CPU.ActiveCfg = Release|Any CPU
		{E3470A84-71B5-4DC4-A696-B9A8FD95FE54}.Release|Any CPU.Build.0 = Release|Any CPU
		{5B6720DE-00EA-427A-8C1F-030BA904D83C}.Debug|Any CPU.ActiveCfg = Debug|Any CPU
		{5B6720DE-00EA-427A-8C1F-030BA904D83C}.Debug|Any CPU.Build.0 = Debug|Any CPU
		{5B6720DE-00EA-427A-8C1F-030BA904D83C}.Release|Any CPU.ActiveCfg = Release|Any CPU
		{5B6720DE-00EA-427A-8C1F-030BA904D83C}.Release|Any CPU.Build.0 = Release|Any CPU
		{2C63710A-6DFB-4413-BA77-990120419EDB}.Debug|Any CPU.ActiveCfg = Debug|Any CPU
		{2C63710A-6DFB-4413-BA77-990120419EDB}.Debug|Any CPU.Build.0 = Debug|Any CPU
		{2C63710A-6DFB-4413-BA77-990120419EDB}.Release|Any CPU.ActiveCfg = Release|Any CPU
		{2C63710A-6DFB-4413-BA77-990120419EDB}.Release|Any CPU.Build.0 = Release|Any CPU
		{056CC48E-343E-4509-AA10-2B0B22ECB597}.Debug|Any CPU.ActiveCfg = Debug|Any CPU
		{056CC48E-343E-4509-AA10-2B0B22ECB597}.Debug|Any CPU.Build.0 = Debug|Any CPU
		{056CC48E-343E-4509-AA10-2B0B22ECB597}.Release|Any CPU.ActiveCfg = Release|Any CPU
		{056CC48E-343E-4509-AA10-2B0B22ECB597}.Release|Any CPU.Build.0 = Release|Any CPU
		{0ABE67CD-8BF9-4F33-ACE0-FF32F95E8BB2}.Debug|Any CPU.ActiveCfg = Debug|Any CPU
		{0ABE67CD-8BF9-4F33-ACE0-FF32F95E8BB2}.Debug|Any CPU.Build.0 = Debug|Any CPU
		{0ABE67CD-8BF9-4F33-ACE0-FF32F95E8BB2}.Release|Any CPU.ActiveCfg = Release|Any CPU
		{0ABE67CD-8BF9-4F33-ACE0-FF32F95E8BB2}.Release|Any CPU.Build.0 = Release|Any CPU
		{622247CA-ED85-4FDA-AF9A-ACAC5884A91C}.Debug|Any CPU.ActiveCfg = Debug|Any CPU
		{622247CA-ED85-4FDA-AF9A-ACAC5884A91C}.Debug|Any CPU.Build.0 = Debug|Any CPU
		{622247CA-ED85-4FDA-AF9A-ACAC5884A91C}.Release|Any CPU.ActiveCfg = Release|Any CPU
		{622247CA-ED85-4FDA-AF9A-ACAC5884A91C}.Release|Any CPU.Build.0 = Release|Any CPU
		{3DB4BAC7-EE01-496A-88C5-C2EDCBCF4AE5}.Debug|Any CPU.ActiveCfg = Debug|Any CPU
		{3DB4BAC7-EE01-496A-88C5-C2EDCBCF4AE5}.Debug|Any CPU.Build.0 = Debug|Any CPU
		{3DB4BAC7-EE01-496A-88C5-C2EDCBCF4AE5}.Release|Any CPU.ActiveCfg = Release|Any CPU
		{3DB4BAC7-EE01-496A-88C5-C2EDCBCF4AE5}.Release|Any CPU.Build.0 = Release|Any CPU
		{F827E32E-6E00-47EC-8A4A-5BA65E968D33}.Debug|Any CPU.ActiveCfg = Debug|Any CPU
		{F827E32E-6E00-47EC-8A4A-5BA65E968D33}.Debug|Any CPU.Build.0 = Debug|Any CPU
		{F827E32E-6E00-47EC-8A4A-5BA65E968D33}.Release|Any CPU.ActiveCfg = Release|Any CPU
		{F827E32E-6E00-47EC-8A4A-5BA65E968D33}.Release|Any CPU.Build.0 = Release|Any CPU
		{E5862662-F83A-4613-AC68-0D9BAEAC96A3}.Debug|Any CPU.ActiveCfg = Debug|Any CPU
		{E5862662-F83A-4613-AC68-0D9BAEAC96A3}.Debug|Any CPU.Build.0 = Debug|Any CPU
		{E5862662-F83A-4613-AC68-0D9BAEAC96A3}.Release|Any CPU.ActiveCfg = Release|Any CPU
		{E5862662-F83A-4613-AC68-0D9BAEAC96A3}.Release|Any CPU.Build.0 = Release|Any CPU
	EndGlobalSection
	GlobalSection(SolutionProperties) = preSolution
		HideSolutionNode = FALSE
	EndGlobalSection
	GlobalSection(NestedProjects) = preSolution
		{A87381FC-369E-442E-A43B-8548035A56CE} = {B3592A6A-D373-4C6D-B923-B4FDE02AF213}
		{DB6E12B8-6139-4714-A281-22BABCB70BD6} = {A87381FC-369E-442E-A43B-8548035A56CE}
		{AB5DC566-722E-443C-BD68-D0B17E411D56} = {B3592A6A-D373-4C6D-B923-B4FDE02AF213}
		{5B6720DE-00EA-427A-8C1F-030BA904D83C} = {AB5DC566-722E-443C-BD68-D0B17E411D56}
		{9F1406DA-18BB-4256-AC7C-94E7287833C2} = {B3592A6A-D373-4C6D-B923-B4FDE02AF213}
		{2C63710A-6DFB-4413-BA77-990120419EDB} = {9F1406DA-18BB-4256-AC7C-94E7287833C2}
		{056CC48E-343E-4509-AA10-2B0B22ECB597} = {9F1406DA-18BB-4256-AC7C-94E7287833C2}
		{97F08D5B-5AC9-414C-91D6-A6A8C5849312} = {B3592A6A-D373-4C6D-B923-B4FDE02AF213}
		{0ABE67CD-8BF9-4F33-ACE0-FF32F95E8BB2} = {97F08D5B-5AC9-414C-91D6-A6A8C5849312}
		{622247CA-ED85-4FDA-AF9A-ACAC5884A91C} = {97F08D5B-5AC9-414C-91D6-A6A8C5849312}
		{3DB4BAC7-EE01-496A-88C5-C2EDCBCF4AE5} = {97F08D5B-5AC9-414C-91D6-A6A8C5849312}
		{F827E32E-6E00-47EC-8A4A-5BA65E968D33} = {97F08D5B-5AC9-414C-91D6-A6A8C5849312}
		{E5862662-F83A-4613-AC68-0D9BAEAC96A3} = {03577FB2-2F9D-4021-AB00-72747172DE21}
	EndGlobalSection
	GlobalSection(ExtensibilityGlobals) = postSolution
		SolutionGuid = {DAA58BDE-2774-4E61-A98B-26962A1CE766}
	EndGlobalSection
EndGlobal
